
Microsoft Visual Studio Solution File, Format Version 12.00
# Visual Studio Version 17
VisualStudioVersion = 17.10.35122.118
MinimumVisualStudioVersion = 10.0.40219.1
Project("{FAE04EC0-301F-11D3-BF4B-00C04F79EFBC}") = "ReactASPNETCoreFrondAndBackEnd.Server", "ReactASPNETCoreFrondAndBackEnd.Server\ReactASPNETCoreFrondAndBackEnd.Server.csproj", "{D905D4FA-8105-4D77-AD8B-1EDEB05A3C06}"
EndProject
Project("{54A90642-561A-4BB1-A94E-469ADEE60C69}") = "reactaspnetcorefrondandbackend.client", "reactaspnetcorefrondandbackend.client\reactaspnetcorefrondandbackend.client.esproj", "{BFAFBA79-7D67-4925-B889-7B2124F87B38}"
EndProject
Global
	GlobalSection(SolutionConfigurationPlatforms) = preSolution
		Debug|Any CPU = Debug|Any CPU
		Release|Any CPU = Release|Any CPU
	EndGlobalSection
	GlobalSection(ProjectConfigurationPlatforms) = postSolution
		{D905D4FA-8105-4D77-AD8B-1EDEB05A3C06}.Debug|Any CPU.ActiveCfg = Debug|Any CPU
		{D905D4FA-8105-4D77-AD8B-1EDEB05A3C06}.Debug|Any CPU.Build.0 = Debug|Any CPU
		{D905D4FA-8105-4D77-AD8B-1EDEB05A3C06}.Release|Any CPU.ActiveCfg = Release|Any CPU
		{D905D4FA-8105-4D77-AD8B-1EDEB05A3C06}.Release|Any CPU.Build.0 = Release|Any CPU
		{BFAFBA79-7D67-4925-B889-7B2124F87B38}.Debug|Any CPU.ActiveCfg = Debug|Any CPU
		{BFAFBA79-7D67-4925-B889-7B2124F87B38}.Debug|Any CPU.Build.0 = Debug|Any CPU
		{BFAFBA79-7D67-4925-B889-7B2124F87B38}.Debug|Any CPU.Deploy.0 = Debug|Any CPU
		{BFAFBA79-7D67-4925-B889-7B2124F87B38}.Release|Any CPU.ActiveCfg = Release|Any CPU
		{BFAFBA79-7D67-4925-B889-7B2124F87B38}.Release|Any CPU.Build.0 = Release|Any CPU
		{BFAFBA79-7D67-4925-B889-7B2124F87B38}.Release|Any CPU.Deploy.0 = Release|Any CPU
	EndGlobalSection
	GlobalSection(SolutionProperties) = preSolution
		HideSolutionNode = FALSE
	EndGlobalSection
	GlobalSection(ExtensibilityGlobals) = postSolution
		SolutionGuid = {FA00EDE0-1F5B-4AAF-B9B0-034A02457A60}
	EndGlobalSection
EndGlobal
